// !$*UTF8*$!
{
	archiveVersion = 1;
	classes = {
	};
	objectVersion = 48;
	objects = {

/* Begin PBXBuildFile section */
		480E6E9720299C7E00D39CC8 /* LeetCode093.cpp in Sources */ = {isa = PBXBuildFile; fileRef = 480E6E9520299C7E00D39CC8 /* LeetCode093.cpp */; };
		480E6E9A202AA39500D39CC8 /* LeetCode001.cpp in Sources */ = {isa = PBXBuildFile; fileRef = 480E6E98202AA39500D39CC8 /* LeetCode001.cpp */; };
		48596A77213D43F900D16BED /* SortPractice.cpp in Sources */ = {isa = PBXBuildFile; fileRef = 48596A75213D43F900D16BED /* SortPractice.cpp */; };
		48596A7A213D442B00D16BED /* QuickSort.cpp in Sources */ = {isa = PBXBuildFile; fileRef = 48596A78213D442B00D16BED /* QuickSort.cpp */; };
		48596A7D213D445100D16BED /* SortUtils.cpp in Sources */ = {isa = PBXBuildFile; fileRef = 48596A7B213D445100D16BED /* SortUtils.cpp */; };
		488EA00D201F2C180018F481 /* main.cpp in Sources */ = {isa = PBXBuildFile; fileRef = 488EA00C201F2C180018F481 /* main.cpp */; };
		48F057AA2028496A0097648F /* BinSearch.cpp in Sources */ = {isa = PBXBuildFile; fileRef = 48F057A82028496A0097648F /* BinSearch.cpp */; };
		48F057AD20284C1C0097648F /* KMP.cpp in Sources */ = {isa = PBXBuildFile; fileRef = 48F057AB20284C1C0097648F /* KMP.cpp */; };
		48F057B020284C730097648F /* PrintUtil.cpp in Sources */ = {isa = PBXBuildFile; fileRef = 48F057AE20284C730097648F /* PrintUtil.cpp */; };
		48F057B4202852E90097648F /* LeetCode002.cpp in Sources */ = {isa = PBXBuildFile; fileRef = 48F057B2202852E90097648F /* LeetCode002.cpp */; };
		48F057BB202856920097648F /* LeetCode003.cpp in Sources */ = {isa = PBXBuildFile; fileRef = 48F057B9202856920097648F /* LeetCode003.cpp */; };
		48F057BF202865ED0097648F /* LeetCode004.cpp in Sources */ = {isa = PBXBuildFile; fileRef = 48F057BD202865ED0097648F /* LeetCode004.cpp */; };
		48F057C22028687F0097648F /* Manacher.cpp in Sources */ = {isa = PBXBuildFile; fileRef = 48F057C02028687F0097648F /* Manacher.cpp */; };
		48F057C520294BB20097648F /* LeetCode006.cpp in Sources */ = {isa = PBXBuildFile; fileRef = 48F057C320294BB20097648F /* LeetCode006.cpp */; };
		48F057C8202954E10097648F /* LeetCode007.cpp in Sources */ = {isa = PBXBuildFile; fileRef = 48F057C6202954E10097648F /* LeetCode007.cpp */; };
/* End PBXBuildFile section */

/* Begin PBXCopyFilesBuildPhase section */
		488EA007201F2C180018F481 /* CopyFiles */ = {
			isa = PBXCopyFilesBuildPhase;
			buildActionMask = 2147483647;
			dstPath = /usr/share/man/man1/;
			dstSubfolderSpec = 0;
			files = (
			);
			runOnlyForDeploymentPostprocessing = 1;
		};
/* End PBXCopyFilesBuildPhase section */

/* Begin PBXFileReference section */
		480E6E9520299C7E00D39CC8 /* LeetCode093.cpp */ = {isa = PBXFileReference; lastKnownFileType = sourcecode.cpp.cpp; path = LeetCode093.cpp; sourceTree = "<group>"; };
		480E6E9620299C7E00D39CC8 /* LeetCode093.hpp */ = {isa = PBXFileReference; lastKnownFileType = sourcecode.cpp.h; path = LeetCode093.hpp; sourceTree = "<group>"; };
		480E6E98202AA39500D39CC8 /* LeetCode001.cpp */ = {isa = PBXFileReference; lastKnownFileType = sourcecode.cpp.cpp; path = LeetCode001.cpp; sourceTree = "<group>"; };
		480E6E99202AA39500D39CC8 /* LeetCode001.hpp */ = {isa = PBXFileReference; lastKnownFileType = sourcecode.cpp.h; path = LeetCode001.hpp; sourceTree = "<group>"; };
		48596A75213D43F900D16BED /* SortPractice.cpp */ = {isa = PBXFileReference; lastKnownFileType = sourcecode.cpp.cpp; path = SortPractice.cpp; sourceTree = "<group>"; };
		48596A76213D43F900D16BED /* SortPractice.hpp */ = {isa = PBXFileReference; lastKnownFileType = sourcecode.cpp.h; path = SortPractice.hpp; sourceTree = "<group>"; };
		48596A78213D442B00D16BED /* QuickSort.cpp */ = {isa = PBXFileReference; lastKnownFileType = sourcecode.cpp.cpp; path = QuickSort.cpp; sourceTree = "<group>"; };
		48596A79213D442B00D16BED /* QuickSort.hpp */ = {isa = PBXFileReference; lastKnownFileType = sourcecode.cpp.h; path = QuickSort.hpp; sourceTree = "<group>"; };
		48596A7B213D445100D16BED /* SortUtils.cpp */ = {isa = PBXFileReference; lastKnownFileType = sourcecode.cpp.cpp; path = SortUtils.cpp; sourceTree = "<group>"; };
		48596A7C213D445100D16BED /* SortUtils.hpp */ = {isa = PBXFileReference; lastKnownFileType = sourcecode.cpp.h; path = SortUtils.hpp; sourceTree = "<group>"; };
		488EA009201F2C180018F481 /* Algorithm */ = {isa = PBXFileReference; explicitFileType = "compiled.mach-o.executable"; includeInIndex = 0; path = Algorithm; sourceTree = BUILT_PRODUCTS_DIR; };
		488EA00C201F2C180018F481 /* main.cpp */ = {isa = PBXFileReference; lastKnownFileType = sourcecode.cpp.cpp; path = main.cpp; sourceTree = "<group>"; };
		48F057A82028496A0097648F /* BinSearch.cpp */ = {isa = PBXFileReference; lastKnownFileType = sourcecode.cpp.cpp; path = BinSearch.cpp; sourceTree = "<group>"; };
		48F057A92028496A0097648F /* BinSearch.hpp */ = {isa = PBXFileReference; lastKnownFileType = sourcecode.cpp.h; path = BinSearch.hpp; sourceTree = "<group>"; };
		48F057AB20284C1C0097648F /* KMP.cpp */ = {isa = PBXFileReference; lastKnownFileType = sourcecode.cpp.cpp; path = KMP.cpp; sourceTree = "<group>"; };
		48F057AC20284C1C0097648F /* KMP.hpp */ = {isa = PBXFileReference; lastKnownFileType = sourcecode.cpp.h; path = KMP.hpp; sourceTree = "<group>"; };
		48F057AE20284C730097648F /* PrintUtil.cpp */ = {isa = PBXFileReference; lastKnownFileType = sourcecode.cpp.cpp; path = PrintUtil.cpp; sourceTree = "<group>"; };
		48F057AF20284C730097648F /* PrintUtil.hpp */ = {isa = PBXFileReference; lastKnownFileType = sourcecode.cpp.h; path = PrintUtil.hpp; sourceTree = "<group>"; };
		48F057B2202852E90097648F /* LeetCode002.cpp */ = {isa = PBXFileReference; lastKnownFileType = sourcecode.cpp.cpp; path = LeetCode002.cpp; sourceTree = "<group>"; };
		48F057B3202852E90097648F /* LeetCode002.hpp */ = {isa = PBXFileReference; lastKnownFileType = sourcecode.cpp.h; path = LeetCode002.hpp; sourceTree = "<group>"; };
		48F057B9202856920097648F /* LeetCode003.cpp */ = {isa = PBXFileReference; lastKnownFileType = sourcecode.cpp.cpp; path = LeetCode003.cpp; sourceTree = "<group>"; };
		48F057BA202856920097648F /* LeetCode003.hpp */ = {isa = PBXFileReference; lastKnownFileType = sourcecode.cpp.h; path = LeetCode003.hpp; sourceTree = "<group>"; };
		48F057BD202865ED0097648F /* LeetCode004.cpp */ = {isa = PBXFileReference; lastKnownFileType = sourcecode.cpp.cpp; path = LeetCode004.cpp; sourceTree = "<group>"; };
		48F057BE202865ED0097648F /* LeetCode004.hpp */ = {isa = PBXFileReference; lastKnownFileType = sourcecode.cpp.h; path = LeetCode004.hpp; sourceTree = "<group>"; };
		48F057C02028687F0097648F /* Manacher.cpp */ = {isa = PBXFileReference; lastKnownFileType = sourcecode.cpp.cpp; path = Manacher.cpp; sourceTree = "<group>"; };
		48F057C12028687F0097648F /* Manacher.hpp */ = {isa = PBXFileReference; lastKnownFileType = sourcecode.cpp.h; path = Manacher.hpp; sourceTree = "<group>"; };
		48F057C320294BB20097648F /* LeetCode006.cpp */ = {isa = PBXFileReference; lastKnownFileType = sourcecode.cpp.cpp; path = LeetCode006.cpp; sourceTree = "<group>"; };
		48F057C420294BB20097648F /* LeetCode006.hpp */ = {isa = PBXFileReference; lastKnownFileType = sourcecode.cpp.h; path = LeetCode006.hpp; sourceTree = "<group>"; };
		48F057C6202954E10097648F /* LeetCode007.cpp */ = {isa = PBXFileReference; lastKnownFileType = sourcecode.cpp.cpp; path = LeetCode007.cpp; sourceTree = "<group>"; };
		48F057C7202954E10097648F /* LeetCode007.hpp */ = {isa = PBXFileReference; lastKnownFileType = sourcecode.cpp.h; path = LeetCode007.hpp; sourceTree = "<group>"; };
/* End PBXFileReference section */

/* Begin PBXFrameworksBuildPhase section */
		488EA006201F2C180018F481 /* Frameworks */ = {
			isa = PBXFrameworksBuildPhase;
			buildActionMask = 2147483647;
			files = (
			);
			runOnlyForDeploymentPostprocessing = 0;
		};
/* End PBXFrameworksBuildPhase section */

/* Begin PBXGroup section */
		480E6E9420299C5E00D39CC8 /* 91-100 */ = {
			isa = PBXGroup;
			children = (
				480E6E9520299C7E00D39CC8 /* LeetCode093.cpp */,
				480E6E9620299C7E00D39CC8 /* LeetCode093.hpp */,
			);
			path = "91-100";
			sourceTree = "<group>";
		};
		48596A2321392CF700D16BED /* Sort */ = {
			isa = PBXGroup;
			children = (
				48596A75213D43F900D16BED /* SortPractice.cpp */,
				48596A76213D43F900D16BED /* SortPractice.hpp */,
				48596A78213D442B00D16BED /* QuickSort.cpp */,
				48596A79213D442B00D16BED /* QuickSort.hpp */,
				48596A7B213D445100D16BED /* SortUtils.cpp */,
				48596A7C213D445100D16BED /* SortUtils.hpp */,
			);
			path = Sort;
			sourceTree = "<group>";
		};
		488EA000201F2C180018F481 = {
			isa = PBXGroup;
			children = (
				488EA00B201F2C180018F481 /* Algorithm */,
				488EA00A201F2C180018F481 /* Products */,
			);
			sourceTree = "<group>";
		};
		488EA00A201F2C180018F481 /* Products */ = {
			isa = PBXGroup;
			children = (
				488EA009201F2C180018F481 /* Algorithm */,
			);
			name = Products;
			sourceTree = "<group>";
		};
		488EA00B201F2C180018F481 /* Algorithm */ = {
			isa = PBXGroup;
			children = (
				48F057B1202852C60097648F /* LeetCode */,
				488EA00C201F2C180018F481 /* main.cpp */,
			);
			path = Algorithm;
			sourceTree = "<group>";
		};
		48F057B1202852C60097648F /* LeetCode */ = {
			isa = PBXGroup;
			children = (
				48596A2321392CF700D16BED /* Sort */,
				480E6E9420299C5E00D39CC8 /* 91-100 */,
				48F057BC202857500097648F /* Plant */,
				48F057B5202852F20097648F /* 1-10 */,
			);
			path = LeetCode;
			sourceTree = "<group>";
		};
		48F057B5202852F20097648F /* 1-10 */ = {
			isa = PBXGroup;
			children = (
				480E6E98202AA39500D39CC8 /* LeetCode001.cpp */,
				480E6E99202AA39500D39CC8 /* LeetCode001.hpp */,
				48F057B2202852E90097648F /* LeetCode002.cpp */,
				48F057B3202852E90097648F /* LeetCode002.hpp */,
				48F057B9202856920097648F /* LeetCode003.cpp */,
				48F057BA202856920097648F /* LeetCode003.hpp */,
				48F057BD202865ED0097648F /* LeetCode004.cpp */,
				48F057BE202865ED0097648F /* LeetCode004.hpp */,
				48F057C320294BB20097648F /* LeetCode006.cpp */,
				48F057C420294BB20097648F /* LeetCode006.hpp */,
				48F057C6202954E10097648F /* LeetCode007.cpp */,
				48F057C7202954E10097648F /* LeetCode007.hpp */,
			);
			path = "1-10";
			sourceTree = "<group>";
		};
		48F057BC202857500097648F /* Plant */ = {
			isa = PBXGroup;
			children = (
				48F057A82028496A0097648F /* BinSearch.cpp */,
				48F057A92028496A0097648F /* BinSearch.hpp */,
				48F057AB20284C1C0097648F /* KMP.cpp */,
				48F057AC20284C1C0097648F /* KMP.hpp */,
				48F057AE20284C730097648F /* PrintUtil.cpp */,
				48F057AF20284C730097648F /* PrintUtil.hpp */,
				48F057C02028687F0097648F /* Manacher.cpp */,
				48F057C12028687F0097648F /* Manacher.hpp */,
			);
			path = Plant;
			sourceTree = "<group>";
		};
/* End PBXGroup section */

/* Begin PBXNativeTarget section */
		488EA008201F2C180018F481 /* Algorithm */ = {
			isa = PBXNativeTarget;
			buildConfigurationList = 488EA010201F2C180018F481 /* Build configuration list for PBXNativeTarget "Algorithm" */;
			buildPhases = (
				488EA005201F2C180018F481 /* Sources */,
				488EA006201F2C180018F481 /* Frameworks */,
				488EA007201F2C180018F481 /* CopyFiles */,
			);
			buildRules = (
			);
			dependencies = (
			);
			name = Algorithm;
			productName = Algorithm;
			productReference = 488EA009201F2C180018F481 /* Algorithm */;
			productType = "com.apple.product-type.tool";
		};
/* End PBXNativeTarget section */

/* Begin PBXProject section */
		488EA001201F2C180018F481 /* Project object */ = {
			isa = PBXProject;
			attributes = {
				LastUpgradeCheck = 0920;
				ORGANIZATIONNAME = Zhanglei;
				TargetAttributes = {
					488EA008201F2C180018F481 = {
						CreatedOnToolsVersion = 9.2;
						ProvisioningStyle = Automatic;
					};
				};
			};
			buildConfigurationList = 488EA004201F2C180018F481 /* Build configuration list for PBXProject "Algorithm" */;
			compatibilityVersion = "Xcode 8.0";
			developmentRegion = en;
			hasScannedForEncodings = 0;
			knownRegions = (
				en,
			);
			mainGroup = 488EA000201F2C180018F481;
			productRefGroup = 488EA00A201F2C180018F481 /* Products */;
			projectDirPath = "";
			projectRoot = "";
			targets = (
				488EA008201F2C180018F481 /* Algorithm */,
			);
		};
/* End PBXProject section */

/* Begin PBXSourcesBuildPhase section */
		488EA005201F2C180018F481 /* Sources */ = {
			isa = PBXSourcesBuildPhase;
			buildActionMask = 2147483647;
			files = (
				480E6E9720299C7E00D39CC8 /* LeetCode093.cpp in Sources */,
				48F057BB202856920097648F /* LeetCode003.cpp in Sources */,
				48F057AD20284C1C0097648F /* KMP.cpp in Sources */,
				48596A7A213D442B00D16BED /* QuickSort.cpp in Sources */,
				48F057C8202954E10097648F /* LeetCode007.cpp in Sources */,
				48F057B020284C730097648F /* PrintUtil.cpp in Sources */,
				48596A7D213D445100D16BED /* SortUtils.cpp in Sources */,
				48F057C520294BB20097648F /* LeetCode006.cpp in Sources */,
				480E6E9A202AA39500D39CC8 /* LeetCode001.cpp in Sources */,
				48596A77213D43F900D16BED /* SortPractice.cpp in Sources */,
				48F057BF202865ED0097648F /* LeetCode004.cpp in Sources */,
				48F057C22028687F0097648F /* Manacher.cpp in Sources */,
				48F057B4202852E90097648F /* LeetCode002.cpp in Sources */,
				488EA00D201F2C180018F481 /* main.cpp in Sources */,
				48F057AA2028496A0097648F /* BinSearch.cpp in Sources */,
			);
			runOnlyForDeploymentPostprocessing = 0;
		};
/* End PBXSourcesBuildPhase section */

/* Begin XCBuildConfiguration section */
		488EA00E201F2C180018F481 /* Debug */ = {
			isa = XCBuildConfiguration;
			buildSettings = {
				ALWAYS_SEARCH_USER_PATHS = NO;
				CLANG_ANALYZER_NONNULL = YES;
				CLANG_ANALYZER_NUMBER_OBJECT_CONVERSION = YES_AGGRESSIVE;
				CLANG_CXX_LANGUAGE_STANDARD = "gnu++14";
				CLANG_CXX_LIBRARY = "libc++";
				CLANG_ENABLE_MODULES = YES;
				CLANG_ENABLE_OBJC_ARC = YES;
				CLANG_WARN_BLOCK_CAPTURE_AUTORELEASING = YES;
				CLANG_WARN_BOOL_CONVERSION = YES;
				CLANG_WARN_COMMA = YES;
				CLANG_WARN_CONSTANT_CONVERSION = YES;
				CLANG_WARN_DIRECT_OBJC_ISA_USAGE = YES_ERROR;
				CLANG_WARN_DOCUMENTATION_COMMENTS = YES;
				CLANG_WARN_EMPTY_BODY = YES;
				CLANG_WARN_ENUM_CONVERSION = YES;
				CLANG_WARN_INFINITE_RECURSION = YES;
				CLANG_WARN_INT_CONVERSION = YES;
				CLANG_WARN_NON_LITERAL_NULL_CONVERSION = YES;
				CLANG_WARN_OBJC_LITERAL_CONVERSION = YES;
				CLANG_WARN_OBJC_ROOT_CLASS = YES_ERROR;
				CLANG_WARN_RANGE_LOOP_ANALYSIS = YES;
				CLANG_WARN_STRICT_PROTOTYPES = YES;
				CLANG_WARN_SUSPICIOUS_MOVE = YES;
				CLANG_WARN_UNGUARDED_AVAILABILITY = YES_AGGRESSIVE;
				CLANG_WARN_UNREACHABLE_CODE = YES;
				CLANG_WARN__DUPLICATE_METHOD_MATCH = YES;
				CODE_SIGN_IDENTITY = "Mac Developer";
				COPY_PHASE_STRIP = NO;
				DEBUG_INFORMATION_FORMAT = dwarf;
				ENABLE_STRICT_OBJC_MSGSEND = YES;
				ENABLE_TESTABILITY = YES;
				GCC_C_LANGUAGE_STANDARD = gnu11;
				GCC_DYNAMIC_NO_PIC = NO;
				GCC_NO_COMMON_BLOCKS = YES;
				GCC_OPTIMIZATION_LEVEL = 0;
				GCC_PREPROCESSOR_DEFINITIONS = (
					"DEBUG=1",
					"$(inherited)",
				);
				GCC_WARN_64_TO_32_BIT_CONVERSION = YES;
				GCC_WARN_ABOUT_RETURN_TYPE = YES_ERROR;
				GCC_WARN_UNDECLARED_SELECTOR = YES;
				GCC_WARN_UNINITIALIZED_AUTOS = YES_AGGRESSIVE;
				GCC_WARN_UNUSED_FUNCTION = YES;
				GCC_WARN_UNUSED_VARIABLE = YES;
				MACOSX_DEPLOYMENT_TARGET = 10.13;
				MTL_ENABLE_DEBUG_INFO = YES;
				ONLY_ACTIVE_ARCH = YES;
				SDKROOT = macosx;
			};
			name = Debug;
		};
		488EA00F201F2C180018F481 /* Release */ = {
			isa = XCBuildConfiguration;
			buildSettings = {
				ALWAYS_SEARCH_USER_PATHS = NO;
				CLANG_ANALYZER_NONNULL = YES;
				CLANG_ANALYZER_NUMBER_OBJECT_CONVERSION = YES_AGGRESSIVE;
				CLANG_CXX_LANGUAGE_STANDARD = "gnu++14";
				CLANG_CXX_LIBRARY = "libc++";
				CLANG_ENABLE_MODULES = YES;
				CLANG_ENABLE_OBJC_ARC = YES;
				CLANG_WARN_BLOCK_CAPTURE_AUTORELEASING = YES;
				CLANG_WARN_BOOL_CONVERSION = YES;
				CLANG_WARN_COMMA = YES;
				CLANG_WARN_CONSTANT_CONVERSION = YES;
				CLANG_WARN_DIRECT_OBJC_ISA_USAGE = YES_ERROR;
				CLANG_WARN_DOCUMENTATION_COMMENTS = YES;
				CLANG_WARN_EMPTY_BODY = YES;
				CLANG_WARN_ENUM_CONVERSION = YES;
				CLANG_WARN_INFINITE_RECURSION = YES;
				CLANG_WARN_INT_CONVERSION = YES;
				CLANG_WARN_NON_LITERAL_NULL_CONVERSION = YES;
				CLANG_WARN_OBJC_LITERAL_CONVERSION = YES;
				CLANG_WARN_OBJC_ROOT_CLASS = YES_ERROR;
				CLANG_WARN_RANGE_LOOP_ANALYSIS = YES;
				CLANG_WARN_STRICT_PROTOTYPES = YES;
				CLANG_WARN_SUSPICIOUS_MOVE = YES;
				CLANG_WARN_UNGUARDED_AVAILABILITY = YES_AGGRESSIVE;
				CLANG_WARN_UNREACHABLE_CODE = YES;
				CLANG_WARN__DUPLICATE_METHOD_MATCH = YES;
				CODE_SIGN_IDENTITY = "Mac Developer";
				COPY_PHASE_STRIP = NO;
				DEBUG_INFORMATION_FORMAT = "dwarf-with-dsym";
				ENABLE_NS_ASSERTIONS = NO;
				ENABLE_STRICT_OBJC_MSGSEND = YES;
				GCC_C_LANGUAGE_STANDARD = gnu11;
				GCC_NO_COMMON_BLOCKS = YES;
				GCC_WARN_64_TO_32_BIT_CONVERSION = YES;
				GCC_WARN_ABOUT_RETURN_TYPE = YES_ERROR;
				GCC_WARN_UNDECLARED_SELECTOR = YES;
				GCC_WARN_UNINITIALIZED_AUTOS = YES_AGGRESSIVE;
				GCC_WARN_UNUSED_FUNCTION = YES;
				GCC_WARN_UNUSED_VARIABLE = YES;
				MACOSX_DEPLOYMENT_TARGET = 10.13;
				MTL_ENABLE_DEBUG_INFO = NO;
				SDKROOT = macosx;
			};
			name = Release;
		};
		488EA011201F2C180018F481 /* Debug */ = {
			isa = XCBuildConfiguration;
			buildSettings = {
				CODE_SIGN_STYLE = Automatic;
				DEVELOPMENT_TEAM = VH7JGCM338;
				PRODUCT_NAME = "$(TARGET_NAME)";
			};
			name = Debug;
		};
		488EA012201F2C180018F481 /* Release */ = {
			isa = XCBuildConfiguration;
			buildSettings = {
				CODE_SIGN_STYLE = Automatic;
				DEVELOPMENT_TEAM = VH7JGCM338;
				PRODUCT_NAME = "$(TARGET_NAME)";
			};
			name = Release;
		};
/* End XCBuildConfiguration section */

/* Begin XCConfigurationList section */
		488EA004201F2C180018F481 /* Build configuration list for PBXProject "Algorithm" */ = {
			isa = XCConfigurationList;
			buildConfigurations = (
				488EA00E201F2C180018F481 /* Debug */,
				488EA00F201F2C180018F481 /* Release */,
			);
			defaultConfigurationIsVisible = 0;
			defaultConfigurationName = Release;
		};
		488EA010201F2C180018F481 /* Build configuration list for PBXNativeTarget "Algorithm" */ = {
			isa = XCConfigurationList;
			buildConfigurations = (
				488EA011201F2C180018F481 /* Debug */,
				488EA012201F2C180018F481 /* Release */,
			);
			defaultConfigurationIsVisible = 0;
			defaultConfigurationName = Release;
		};
/* End XCConfigurationList section */
	};
	rootObject = 488EA001201F2C180018F481 /* Project object */;
}
